# @generated - this file is auto-generated by `mise lock` https://mise.jdx.dev/dev-tools/mise-lock.html

[[tools.bun]]
version = "1.1.43"
backend = "core:bun"

[tools.bun."platforms.macos-arm64"]
checksum = "sha256:dec6e207ce0e1e7c66edb4802fa7aef8429e394419bd6aa5a821ae5c30aea011"
url = "https://github.com/oven-sh/bun/releases/download/bun-v1.1.43/bun-darwin-aarch64.zip"

[[tools.fzf]]
version = "0.57.0"
backend = "aqua:junegunn/fzf"

[tools.fzf."platforms.macos-arm64"]
checksum = "sha256:b4e1c5322652bc2672c32dc37993f8d501df7aecb3fa9e545a3d80eca8ae9a2f"
url = "https://github.com/junegunn/fzf/releases/download/v0.57.0/fzf-0.57.0-darwin_arm64.tar.gz"
url_api = "https://api.github.com/repos/junegunn/fzf/releases/assets/213452952"

[[tools.go]]
version = "1.26.3"
backend = "core:go"

[tools.go."platforms.macos-arm64"]
checksum = "sha256:875cf54a15311eee2c99b9dd67c68c4a49351d489ab622bf2cfd28c8f2078d3c"
url = "https://dl.google.com/go/go1.26.3.darwin-arm64.tar.gz"

[[tools.jq]]
version = "1.7.1"
backend = "aqua:jqlang/jq"

[tools.jq."platforms.macos-arm64"]
checksum = "sha256:0bbe619e663e0de2c550be2fe0d240d076799d6f8a652b70fa04aea8a8362e8a"
url = "https://github.com/jqlang/jq/releases/download/jq-1.7.1/jq-macos-arm64"
url_api = "https://api.github.com/repos/jqlang/jq/releases/assets/140521010"

[[tools.just]]
version = "1.47.0"
backend = "aqua:casey/just"

[tools.just."platforms.macos-arm64"]
checksum = "sha256:1ed67e695278af17108fc01befdde77b9819280c706cb1f7c792b95ddbdeb0a6"
url = "https://github.com/casey/just/releases/download/1.47.0/just-1.47.0-aarch64-apple-darwin.tar.gz"
url_api = "https://api.github.com/repos/casey/just/releases/assets/374047915"

[[tools.node]]
version = "22.13.0"
backend = "core:node"

[tools.node."platforms.macos-arm64"]
checksum = "sha256:bc1e374e7393e2f4b20e5bbc157d02e9b1fb2c634b2f992136b38fb8ca2023b7"
url = "https://nodejs.org/dist/v22.13.0/node-v22.13.0-darwin-arm64.tar.gz"

[[tools.pnpm]]
version = "10.12.1"
backend = "aqua:pnpm/pnpm"

[tools.pnpm."platforms.macos-arm64"]
checksum = "sha256:8b39b2129a19eeec9511eb7cdde2450b604e389551d59ad738167f7495b56d52"
url = "https://github.com/pnpm/pnpm/releases/download/v10.12.1/pnpm-macos-arm64"
url_api = "https://api.github.com/repos/pnpm/pnpm/releases/assets/262048784"

[[tools.python]]
version = "3.12.6"
backend = "core:python"

[tools.python."platforms.macos-arm64"]
checksum = "sha256:0419bafa4444a5aa0c554197bce0679e7cc0f28edc7ee8cfbe0ccea860bdb904"
url = "https://github.com/astral-sh/python-build-standalone/releases/download/20240909/cpython-3.12.6+20240909-aarch64-apple-darwin-install_only_stripped.tar.gz"
provenance = "github-attestations"

[[tools.ripgrep]]
version = "14.1.1"
backend = "aqua:BurntSushi/ripgrep"

[tools.ripgrep."platforms.macos-arm64"]
checksum = "sha256:24ad76777745fbff131c8fbc466742b011f925bfa4fffa2ded6def23b5b937be"
url = "https://github.com/BurntSushi/ripgrep/releases/download/14.1.1/ripgrep-14.1.1-aarch64-apple-darwin.tar.gz"
url_api = "https://api.github.com/repos/BurntSushi/ripgrep/releases/assets/191355384"

[[tools.uv]]
version = "0.5.20"
backend = "aqua:astral-sh/uv"

[tools.uv."platforms.macos-arm64"]
checksum = "sha256:d7f0c219808073f8ae8c6a991e85e5c7539b4e539b014a4ca5b3286911f06fd5"
url = "https://github.com/astral-sh/uv/releases/download/0.5.20/uv-aarch64-apple-darwin.tar.gz"
url_api = "https://api.github.com/repos/astral-sh/uv/releases/assets/220751255"
